
Microsoft Visual Studio Solution File, Format Version 12.00
# Visual Studio Version 16
VisualStudioVersion = 16.0.30114.105
MinimumVisualStudioVersion = 10.0.40219.1
Project("{F2A71F9B-5D33-465A-A702-920D77279786}") = "Mandadin", "Mandadin\Mandadin.fsproj", "{CC3578EE-C80C-4EEB-9310-4ED9E31116CD}"
EndProject
Global
	GlobalSection(SolutionConfigurationPlatforms) = preSolution
		Debug|Any CPU = Debug|Any CPU
		Release|Any CPU = Release|Any CPU
	EndGlobalSection
	GlobalSection(SolutionProperties) = preSolution
		HideSolutionNode = FALSE
	EndGlobalSection
	GlobalSection(ProjectConfigurationPlatforms) = postSolution
		{CC3578EE-C80C-4EEB-9310-4ED9E31116CD}.Debug|Any CPU.ActiveCfg = Debug|Any CPU
		{CC3578EE-C80C-4EEB-9310-4ED9E31116CD}.Debug|Any CPU.Build.0 = Debug|Any CPU
		{CC3578EE-C80C-4EEB-9310-4ED9E31116CD}.Release|Any CPU.ActiveCfg = Release|Any CPU
		{CC3578EE-C80C-4EEB-9310-4ED9E31116CD}.Release|Any CPU.Build.0 = Release|Any CPU
	EndGlobalSection
EndGlobal
